<?xml version="1.0" encoding="utf-8"?>
<Project ToolsVersion="4.0" xmlns="http://schemas.microsoft.com/developer/msbuild/2003">
  <ItemGroup>
    <ClInclude Include="mfePlayScene.h" />
    <ClInclude Include="mfeLodaScenes.h">
      <Filter>Scenes</Filter>
    </ClInclude>
    <ClInclude Include="mfePlayer.h" />
  </ItemGroup>
  <ItemGroup>
    <Filter Include="Scenes">
      <UniqueIdentifier>{269de91f-1e89-4a9f-bca9-51fe71f3d2fd}</UniqueIdentifier>
    </Filter>
  </ItemGroup>
  <ItemGroup>
    <ClCompile Include="mfePlayScene.cpp" />
    <ClCompile Include="mfePlayer.cpp" />
  </ItemGroup>
</Project>